
Microsoft Visual Studio Solution File, Format Version 12.00
# Visual Studio Version 16
VisualStudioVersion = 16.0.31025.218
MinimumVisualStudioVersion = 10.0.40219.1
Project("{FAE04EC0-301F-11D3-BF4B-00C04F79EFBC}") = "EntityFrameworkWithJson", "EntityFrameworkWithJson.csproj", "{042A763C-84A9-4B06-9CA4-9A74E4690EF3}"
EndProject
Global
	GlobalSection(SolutionConfigurationPlatforms) = preSolution
		Debug|Any CPU = Debug|Any CPU
		Release|Any CPU = Release|Any CPU
	EndGlobalSection
	GlobalSection(ProjectConfigurationPlatforms) = postSolution
		{042A763C-84A9-4B06-9CA4-9A74E4690EF3}.Debug|Any CPU.ActiveCfg = Debug|Any CPU
		{042A763C-84A9-4B06-9CA4-9A74E4690EF3}.Debug|Any CPU.Build.0 = Debug|Any CPU
		{042A763C-84A9-4B06-9CA4-9A74E4690EF3}.Release|Any CPU.ActiveCfg = Release|Any CPU
		{042A763C-84A9-4B06-9CA4-9A74E4690EF3}.Release|Any CPU.Build.0 = Release|Any CPU
	EndGlobalSection
	GlobalSection(SolutionProperties) = preSolution
		HideSolutionNode = FALSE
	EndGlobalSection
	GlobalSection(ExtensibilityGlobals) = postSolution
		SolutionGuid = {B60F1BB2-7C24-4D70-A1DC-6AE946CD5FA3}
	EndGlobalSection
EndGlobal
